
Microsoft Visual Studio Solution File, Format Version 12.00
# Visual Studio Version 17
VisualStudioVersion = 17.11.35327.3
MinimumVisualStudioVersion = 10.0.40219.1
Project("{8BC9CEB8-8B4A-11D0-8D11-00A0C91BC942}") = "CG2_2025_Class2", "CG2_2025_Class2.vcxproj", "{9F7897A6-78EB-45EA-8DA9-F4323ADCAD3B}"
EndProject
Project("{2150E333-8FDC-42A3-9474-1A3956D46DE8}") = "ソリューション項目", "ソリューション項目", "{6D7D1F60-9B40-40D4-A147-70189EFD1C77}"
	ProjectSection(SolutionItems) = preProject
		.editorconfig = .editorconfig
	EndProjectSection
EndProject
Global
	GlobalSection(SolutionConfigurationPlatforms) = preSolution
		Debug|x64 = Debug|x64
		Release|x64 = Release|x64
	EndGlobalSection
	GlobalSection(ProjectConfigurationPlatforms) = postSolution
		{9F7897A6-78EB-45EA-8DA9-F4323ADCAD3B}.Debug|x64.ActiveCfg = Debug|x64
		{9F7897A6-78EB-45EA-8DA9-F4323ADCAD3B}.Debug|x64.Build.0 = Debug|x64
		{9F7897A6-78EB-45EA-8DA9-F4323ADCAD3B}.Release|x64.ActiveCfg = Release|x64
		{9F7897A6-78EB-45EA-8DA9-F4323ADCAD3B}.Release|x64.Build.0 = Release|x64
	EndGlobalSection
	GlobalSection(SolutionProperties) = preSolution
		HideSolutionNode = FALSE
	EndGlobalSection
	GlobalSection(ExtensibilityGlobals) = postSolution
		SolutionGuid = {FF9FE0BD-F2CF-4123-A3AC-766F9EC03C8D}
	EndGlobalSection
EndGlobal
